{
  "version": 4,
  "terraform_version": "1.5.0",
  "serial": 1,
  "lineage": "2f4646ae-f5ce-a866-5f9b-7007b13cf688",
  "outputs": {},
  "resources": [
    {
      "mode": "managed",
      "type": "google_container_cluster",
      "name": "my_cluster",
      "provider": "provider[\"registry.terraform.io/hashicorp/google\"]",
      "instances": [
        {
          "schema_version": 1,
          "attributes": {
            "addons_config": [
              {
                "cloudrun_config": [],
                "config_connector_config": [],
                "dns_cache_config": [],
                "gce_persistent_disk_csi_driver_config": [
                  {
                    "enabled": true
                  }
                ],
                "gcp_filestore_csi_driver_config": [],
                "gke_backup_agent_config": [],
                "horizontal_pod_autoscaling": [],
                "http_load_balancing": [],
                "network_policy_config": [
                  {
                    "disabled": true
                  }
                ]
              }
            ],
            "authenticator_groups_config": [],
            "binary_authorization": [
              {
                "enabled": false,
                "evaluation_mode": ""
              }
            ],
            "cluster_autoscaling": [
              {
                "auto_provisioning_defaults": [],
                "enabled": false,
                "resource_limits": []
              }
            ],
            "cluster_ipv4_cidr": "10.120.0.0/14",
            "confidential_nodes": [],
            "cost_management_config": [],
            "database_encryption": [
              {
                "key_name": "",
                "state": "DECRYPTED"
              }
            ],
            "datapath_provider": "",
            "default_max_pods_per_node": null,
            "default_snat_status": [
              {
                "disabled": false
              }
            ],
            "description": "",
            "dns_config": [],
            "enable_autopilot": false,
            "enable_binary_authorization": false,
            "enable_intranode_visibility": false,
            "enable_kubernetes_alpha": false,
            "enable_l4_ilb_subsetting": false,
            "enable_legacy_abac": false,
            "enable_shielded_nodes": true,
            "enable_tpu": false,
            "endpoint": "34.138.173.187",
            "gateway_api_config": [],
            "id": "projects/assignment-kubernetes-390016/locations/us-east1/clusters/ronils-cluster",
            "initial_node_count": 1,
            "ip_allocation_policy": [],
            "label_fingerprint": "a9dc16a7",
            "location": "us-east1",
            "logging_config": [
              {
                "enable_components": [
                  "SYSTEM_COMPONENTS",
                  "WORKLOADS"
                ]
              }
            ],
            "logging_service": "logging.googleapis.com/kubernetes",
            "maintenance_policy": [],
            "master_auth": [
              {
                "client_certificate": "",
                "client_certificate_config": [
                  {
                    "issue_client_certificate": false
                  }
                ],
                "client_key": "",
                "cluster_ca_certificate": "LS0tLS1CRUdJTiBDRVJUSUZJQ0FURS0tLS0tCk1JSUVMRENDQXBTZ0F3SUJBZ0lRTGh2MDdZNUFDL0JLMXVLdzNvNmM4akFOQmdrcWhraUc5dzBCQVFzRkFEQXYKTVMwd0t3WURWUVFERXlSak1HTTJPV1kzT1MxbU1UazJMVFEyTkdRdE9EZ3paQzA0TmpKa01XRmpOamxpTVRjdwpJQmNOTWpNd05qRTNNVFF4TnpNMVdoZ1BNakExTXpBMk1Ea3hOVEUzTXpWYU1DOHhMVEFyQmdOVkJBTVRKR013Cll6WTVaamM1TFdZeE9UWXRORFkwWkMwNE9ETmtMVGcyTW1ReFlXTTJPV0l4TnpDQ0FhSXdEUVlKS29aSWh2Y04KQVFFQkJRQURnZ0dQQURDQ0FZb0NnZ0dCQUxVZnRQSXcxNDV3K2xuc2M2Y3NzcEtNa3Ruc0ViTkhSenhkY3A1TgpVLy9wT0FHb0F6L2ZXQlE0YkR1a05COGhhVmFuQmpyeTVHTHYveUQrN0I0UldzK3dLbDNxUWllVmtTQTgyTUNLCnM5NElNSGNNc1FiZHh1M1MrdGk2YWJxc1ZDS3cvUmtXNXJ3VmN5WmdtNmhoay8ybjVocUU2ZjVsOWtScDl2RGwKVWlsaEI5eHRlbG1uVEJyaHhrWkdJL2NaZmtjUE51M2tVSTZrUnVuMnBjTUVaeEdOS2pXREFMZVd2NGlrREYyNApqRjd2SFFDdldNT053MzhsN2xCbzhLMC9xWVVaOUtZQTFNY2hSRkFCODNDUFlmcWhnbHJSYXl5bWtVWlEyenFjCi84L0x4VzVqWXo4Z1lZMU5sVTk4YlBwMzR6MnVZQy9vMzhjaXcwdUN5L1F0N2hTUk5GaDVlY2haa1k0ZmZDa0kKZWd1aDlmTWgyT0tPM01KalRxUWxYcE9GR3dCNUF2eUxkZ1Z6N0hMaUFyQmVVZkhRMEhoak1ndlptbW1jUGppaQo3MXJJMXlXWXBXbWpZdmlBaGhLV1JRemFaRE93Q1BYbjEyRGJDWU5XbE51U0ZzcDI0MitQaWRSNDVVbVExdUxCCm4xbjZHL3NucXVyd2MyaVpPM25ZVC9xdW9RSURBUUFCbzBJd1FEQU9CZ05WSFE4QkFmOEVCQU1DQWdRd0R3WUQKVlIwVEFRSC9CQVV3QXdFQi96QWRCZ05WSFE0RUZnUVVRcWx0OSt5NURqeVlYVzJtUWpLa1YyUjZid3N3RFFZSgpLb1pJaHZjTkFRRUxCUUFEZ2dHQkFLeVF3YVRtbGtlWWVDS2tyeXgvY0ZJOFFLWDNDbThzd2IzbXUrZFEvWkduCkFTN0dyN0ZZQVZ1UFdGaXN1eXFtc1J5a2pYQWpnZVpUb2ZWVk53dVRDZkZkTDYwNEl2bWx1MTlLUUY2bUlZOVcKR0g0VE1JNUJYRHlzaTFWM2k0WndTL3BVMkFOWnQwR1VqUmNocE9KK1ZlTkY5Tm4rSFhOcFkxVUV4RUpNUEFFRgp5b3pOWFdYQmJhT09EQkY4SHZCNzZPd0RVY1RtNHFlMmcvclExUmxRMFk4RHB4dWlWMFk5dHZuOE44SWJvQ241CktpSFQ2cEl6R3dMVEhmY0xEK1JhWkpNQkNPZnpXU1lGVm5QV3FlWDltYVZaWlFyNm54NHl3YzVYcDZ5ZVE0RGUKSG9BUG5jQkZkZWUzUGo3c0cvUWNhWWs1YjhXekd6Z1ppZG5aMmNQWE1LTlhCNHZsazBkTmRFdE5tUmxmVmYrRApPL1BFeEpHSzIxTzlRTkdaNUhrWTdJRTFJMWtjc2pJU1hSU1FKZFNRWjZGVGllSGl4NFVDQ1ZtZ0hGY2trdzFFCmdFWFhLM3ZLQ2V3a081eWNjYWlFbjBpbXNCVXV3VVZOTXlSZ2N3N1VWa2gxN2pLYzYzY05WeVJBZ2pGYlRlTGoKcTBvTmZxWDFrVFo5WCswT2V4L1QvUT09Ci0tLS0tRU5EIENFUlRJRklDQVRFLS0tLS0K"
              }
            ],
            "master_authorized_networks_config": [],
            "master_version": "1.25.8-gke.1000",
            "mesh_certificates": [],
            "min_master_version": null,
            "monitoring_config": [
              {
                "enable_components": [
                  "SYSTEM_COMPONENTS"
                ],
                "managed_prometheus": []
              }
            ],
            "monitoring_service": "monitoring.googleapis.com/kubernetes",
            "name": "ronils-cluster",
            "network": "projects/assignment-kubernetes-390016/global/networks/default",
            "network_policy": [
              {
                "enabled": false,
                "provider": "PROVIDER_UNSPECIFIED"
              }
            ],
            "networking_mode": "ROUTES",
            "node_config": [
              {
                "advanced_machine_features": [],
                "boot_disk_kms_key": "",
                "disk_size_gb": 100,
                "disk_type": "pd-balanced",
                "ephemeral_storage_local_ssd_config": [],
                "gcfs_config": [],
                "guest_accelerator": [],
                "gvnic": [],
                "image_type": "COS_CONTAINERD",
                "kubelet_config": [],
                "labels": {},
                "linux_node_config": [],
                "local_nvme_ssd_block_config": [],
                "local_ssd_count": 0,
                "logging_variant": "DEFAULT",
                "machine_type": "e2-medium",
                "metadata": {
                  "disable-legacy-endpoints": "true"
                },
                "min_cpu_platform": "",
                "node_group": "",
                "oauth_scopes": [
                  "https://www.googleapis.com/auth/devstorage.read_only",
                  "https://www.googleapis.com/auth/logging.write",
                  "https://www.googleapis.com/auth/monitoring",
                  "https://www.googleapis.com/auth/service.management.readonly",
                  "https://www.googleapis.com/auth/servicecontrol",
                  "https://www.googleapis.com/auth/trace.append"
                ],
                "preemptible": false,
                "reservation_affinity": [],
                "resource_labels": {},
                "service_account": "default",
                "shielded_instance_config": [
                  {
                    "enable_integrity_monitoring": true,
                    "enable_secure_boot": false
                  }
                ],
                "spot": false,
                "tags": [],
                "taint": [],
                "workload_metadata_config": []
              }
            ],
            "node_locations": [
              "us-east1-b",
              "us-east1-c",
              "us-east1-d"
            ],
            "node_pool": [
              {
                "autoscaling": [],
                "initial_node_count": 1,
                "instance_group_urls": [
                  "https://www.googleapis.com/compute/v1/projects/assignment-kubernetes-390016/zones/us-east1-b/instanceGroupManagers/gke-ronils-cluster-default-pool-7307acff-grp",
                  "https://www.googleapis.com/compute/v1/projects/assignment-kubernetes-390016/zones/us-east1-d/instanceGroupManagers/gke-ronils-cluster-default-pool-a5bc214a-grp",
                  "https://www.googleapis.com/compute/v1/projects/assignment-kubernetes-390016/zones/us-east1-c/instanceGroupManagers/gke-ronils-cluster-default-pool-3a8f68bd-grp"
                ],
                "managed_instance_group_urls": [
                  "https://www.googleapis.com/compute/v1/projects/assignment-kubernetes-390016/zones/us-east1-b/instanceGroups/gke-ronils-cluster-default-pool-7307acff-grp",
                  "https://www.googleapis.com/compute/v1/projects/assignment-kubernetes-390016/zones/us-east1-d/instanceGroups/gke-ronils-cluster-default-pool-a5bc214a-grp",
                  "https://www.googleapis.com/compute/v1/projects/assignment-kubernetes-390016/zones/us-east1-c/instanceGroups/gke-ronils-cluster-default-pool-3a8f68bd-grp"
                ],
                "management": [
                  {
                    "auto_repair": true,
                    "auto_upgrade": true
                  }
                ],
                "max_pods_per_node": 0,
                "name": "default-pool",
                "name_prefix": "",
                "network_config": [
                  {
                    "create_pod_range": false,
                    "enable_private_nodes": false,
                    "pod_cidr_overprovision_config": [],
                    "pod_ipv4_cidr_block": "",
                    "pod_range": ""
                  }
                ],
                "node_config": [
                  {
                    "advanced_machine_features": [],
                    "boot_disk_kms_key": "",
                    "disk_size_gb": 100,
                    "disk_type": "pd-balanced",
                    "ephemeral_storage_local_ssd_config": [],
                    "gcfs_config": [],
                    "guest_accelerator": [],
                    "gvnic": [],
                    "image_type": "COS_CONTAINERD",
                    "kubelet_config": [],
                    "labels": {},
                    "linux_node_config": [],
                    "local_nvme_ssd_block_config": [],
                    "local_ssd_count": 0,
                    "logging_variant": "DEFAULT",
                    "machine_type": "e2-medium",
                    "metadata": {
                      "disable-legacy-endpoints": "true"
                    },
                    "min_cpu_platform": "",
                    "node_group": "",
                    "oauth_scopes": [
                      "https://www.googleapis.com/auth/devstorage.read_only",
                      "https://www.googleapis.com/auth/logging.write",
                      "https://www.googleapis.com/auth/monitoring",
                      "https://www.googleapis.com/auth/service.management.readonly",
                      "https://www.googleapis.com/auth/servicecontrol",
                      "https://www.googleapis.com/auth/trace.append"
                    ],
                    "preemptible": false,
                    "reservation_affinity": [],
                    "resource_labels": {},
                    "service_account": "default",
                    "shielded_instance_config": [
                      {
                        "enable_integrity_monitoring": true,
                        "enable_secure_boot": false
                      }
                    ],
                    "spot": false,
                    "tags": [],
                    "taint": [],
                    "workload_metadata_config": []
                  }
                ],
                "node_count": 1,
                "node_locations": [
                  "us-east1-b",
                  "us-east1-c",
                  "us-east1-d"
                ],
                "placement_policy": [],
                "upgrade_settings": [
                  {
                    "blue_green_settings": [],
                    "max_surge": 1,
                    "max_unavailable": 0,
                    "strategy": "SURGE"
                  }
                ],
                "version": "1.25.8-gke.1000"
              }
            ],
            "node_pool_defaults": [
              {
                "node_config_defaults": [
                  {
                    "logging_variant": "DEFAULT"
                  }
                ]
              }
            ],
            "node_version": "1.25.8-gke.1000",
            "notification_config": [
              {
                "pubsub": [
                  {
                    "enabled": false,
                    "filter": [],
                    "topic": ""
                  }
                ]
              }
            ],
            "operation": null,
            "private_cluster_config": [
              {
                "enable_private_endpoint": false,
                "enable_private_nodes": false,
                "master_global_access_config": [
                  {
                    "enabled": false
                  }
                ],
                "master_ipv4_cidr_block": "",
                "peering_name": "",
                "private_endpoint": "10.142.0.2",
                "private_endpoint_subnetwork": "",
                "public_endpoint": "34.138.173.187"
              }
            ],
            "private_ipv6_google_access": "",
            "project": "assignment-kubernetes-390016",
            "release_channel": [
              {
                "channel": "REGULAR"
              }
            ],
            "remove_default_node_pool": null,
            "resource_labels": null,
            "resource_usage_export_config": [],
            "self_link": "https://container.googleapis.com/v1/projects/assignment-kubernetes-390016/locations/us-east1/clusters/ronils-cluster",
            "service_external_ips_config": [
              {
                "enabled": false
              }
            ],
            "services_ipv4_cidr": "10.123.240.0/20",
            "subnetwork": "projects/assignment-kubernetes-390016/regions/us-east1/subnetworks/default",
            "timeouts": null,
            "tpu_ipv4_cidr_block": "",
            "vertical_pod_autoscaling": [],
            "workload_identity_config": []
          },
          "sensitive_attributes": [],
          "private": "eyJlMmJmYjczMC1lY2FhLTExZTYtOGY4OC0zNDM2M2JjN2M0YzAiOnsiY3JlYXRlIjoyNDAwMDAwMDAwMDAwLCJkZWxldGUiOjI0MDAwMDAwMDAwMDAsInJlYWQiOjI0MDAwMDAwMDAwMDAsInVwZGF0ZSI6MzYwMDAwMDAwMDAwMH0sInNjaGVtYV92ZXJzaW9uIjoiMSJ9"
        }
      ]
    }
  ],
  "check_results": null
}
