{
  "version": 4,
  "terraform_version": "1.5.0",
  "serial": 15,
  "lineage": "2f4646ae-f5ce-a866-5f9b-7007b13cf688",
  "outputs": {},
  "resources": [
    {
      "mode": "managed",
      "type": "google_container_cluster",
      "name": "my_cluster",
      "provider": "provider[\"registry.terraform.io/hashicorp/google\"]",
      "instances": [
        {
          "schema_version": 1,
          "attributes": {
            "addons_config": [
              {
                "cloudrun_config": [],
                "config_connector_config": [],
                "dns_cache_config": [],
                "gce_persistent_disk_csi_driver_config": [
                  {
                    "enabled": true
                  }
                ],
                "gcp_filestore_csi_driver_config": [],
                "gke_backup_agent_config": [],
                "horizontal_pod_autoscaling": [],
                "http_load_balancing": [],
                "network_policy_config": [
                  {
                    "disabled": true
                  }
                ]
              }
            ],
            "authenticator_groups_config": [],
            "binary_authorization": [
              {
                "enabled": false,
                "evaluation_mode": ""
              }
            ],
            "cluster_autoscaling": [
              {
                "auto_provisioning_defaults": [],
                "enabled": false,
                "resource_limits": []
              }
            ],
            "cluster_ipv4_cidr": "10.120.0.0/14",
            "confidential_nodes": [],
            "cost_management_config": [],
            "database_encryption": [
              {
                "key_name": "",
                "state": "DECRYPTED"
              }
            ],
            "datapath_provider": "",
            "default_max_pods_per_node": null,
            "default_snat_status": [
              {
                "disabled": false
              }
            ],
            "description": "",
            "dns_config": [],
            "enable_autopilot": false,
            "enable_binary_authorization": false,
            "enable_intranode_visibility": false,
            "enable_kubernetes_alpha": false,
            "enable_l4_ilb_subsetting": false,
            "enable_legacy_abac": false,
            "enable_shielded_nodes": true,
            "enable_tpu": false,
            "endpoint": "34.75.109.214",
            "gateway_api_config": [],
            "id": "projects/assignment-kubernetes-390016/locations/us-east1/clusters/ronils-cluster",
            "initial_node_count": 1,
            "ip_allocation_policy": [],
            "label_fingerprint": "a9dc16a7",
            "location": "us-east1",
            "logging_config": [
              {
                "enable_components": [
                  "SYSTEM_COMPONENTS",
                  "WORKLOADS"
                ]
              }
            ],
            "logging_service": "logging.googleapis.com/kubernetes",
            "maintenance_policy": [],
            "master_auth": [
              {
                "client_certificate": "",
                "client_certificate_config": [
                  {
                    "issue_client_certificate": false
                  }
                ],
                "client_key": "",
                "cluster_ca_certificate": "LS0tLS1CRUdJTiBDRVJUSUZJQ0FURS0tLS0tCk1JSUVMRENDQXBTZ0F3SUJBZ0lRRVBzT2lRWWY4ZWE4V1VXb2hSclZ6VEFOQmdrcWhraUc5dzBCQVFzRkFEQXYKTVMwd0t3WURWUVFERXlSaU1tTmhNall6TWkxa01EVXhMVFJpWkRJdFlUTTBZaTAyWWprM1pEVmpZakptWlRNdwpJQmNOTWpNd05qRTRNREV5T1RFMFdoZ1BNakExTXpBMk1UQXdNakk1TVRSYU1DOHhMVEFyQmdOVkJBTVRKR0l5ClkyRXlOak15TFdRd05URXROR0prTWkxaE16UmlMVFppT1Rka05XTmlNbVpsTXpDQ0FhSXdEUVlKS29aSWh2Y04KQVFFQkJRQURnZ0dQQURDQ0FZb0NnZ0dCQUpQOUZDYWdHMnN0b1RydVdBcVVYekVmL0UrQXVxMnNWU0hzeWsvWQpvdXF6ZlVjQkw3VTJpMkdNNWpPL3E1Tjk5QXRHUlBkSUdLNmhtQXFlY043UCtWZ2R1TlIvbnlpaEdMZ0VVVk5XCmF1R2RQNWdyNldSQWEzY2Jka2NQVUNGenVhUVBrM2JvNGFWa1JiR1NrSUpvRThsTTVGdVh6Snc5bHc1SXJ3YXMKTlplT1RhTjVheHl5V1lDa3hEK0k5WWE4MFFtT0tEbXY0ZmFNOXF5UXc1UDZwcEJneGZQa3dGc3Z4b1FLTDJSdwpYWnZFZ3lmY2syUDBTbGVjSEhUTHVIWTh1VmtCQ0oxcXhBVVFKL2lsVy9ZcG1LVFAxU3JXWkJ2cmYvZ2w3ci9TCkd6aSswcldBWk9sT0I2WC8zeWVaZndOcjlXczNqZU9Za2xUTEh4a2lWS2s0T2dSZ05KYTRNRXdvRnBEMGl4VGEKKyt3Q2I3OVdscFUwMTFvYUV0WEZoWjlXSHlXOFkyNmRCTnp0WEpvYTJOWkE1UnkybXc1NFJ2Uzltczg0YVZpcApHYkhVck5XM2ZEUUFEVFdFOXVtRFRDQmlEZ29SOUY0RzNkSkh2bEhnWkVYYzVBdGw3M05pdGFRbjVERFNPN2MxClJLdEJLQnp3VWJTNDVpSFpCM2E1clFlZXhRSURBUUFCbzBJd1FEQU9CZ05WSFE4QkFmOEVCQU1DQWdRd0R3WUQKVlIwVEFRSC9CQVV3QXdFQi96QWRCZ05WSFE0RUZnUVVuSi9wd2RTMzdxMnVyQnhtaXBUOXl6MHVsVGN3RFFZSgpLb1pJaHZjTkFRRUxCUUFEZ2dHQkFIenhyRjdVcHorSDFDMGRCMlJybGhVenBVbFplVEJMYVR1MFVhc1k3OEh3ClJGd0VEWWZqL2l0RmN0dG0yK3RrU2trTlZJeWRvR2tFaCtPemRrR094cU5maGQwbjZaWGJSbW5jUGhZeTB4cmwKQUYyK0l6S1dWeXg3dDFGbGtZRlRkWUVHTzJJdXdPZFE5blU1RVRDOHJTWVdyN21XMG9XcFBpT21nZFN5djVmSQprZDVhV21VajFNMjB4U2krOVNEL1VlWklZWlRwdjl5aDhmb3k1MEUzdVV4bC9qaFhHa2xiQkNIN0hpemE3Q28xClIxREcrSjEvV2FyMUZUNzByUVdhQTJhN3RFUCtibVRnNGt2aXR5RFlvZ0Z0Ulk1eVNtRlh1a3pPZEJrQ3NxM3kKcUp0MGZERFdMT0pudFU1Sy92cUovNkVPWlFmeUpKRUxMdHZyR2NYRWxJQ1lER1g4Y1VRbDlhcXBONnVmcHFBRwpTcThwZ21KUWhlMEhxaCsrd1NDai9lTDd6REpVSmlaRWNzK2dndGJnR2ptWjZadkJWSXNVSUYwK25HWGIxaHpGCjdqU0Q2OTVKazVKQkM5NG5sSDJYR3JUUE5zUTNPMG1ZOElzWkgvdW1aZXRBUHZLYUxFR29IMWpMQUN1OVRVejcKZmd1ZGo4ak9CajcrdWNqU3c0UUk1dz09Ci0tLS0tRU5EIENFUlRJRklDQVRFLS0tLS0K"
              }
            ],
            "master_authorized_networks_config": [],
            "master_version": "1.25.8-gke.1000",
            "mesh_certificates": [],
            "min_master_version": null,
            "monitoring_config": [
              {
                "enable_components": [
                  "SYSTEM_COMPONENTS"
                ],
                "managed_prometheus": []
              }
            ],
            "monitoring_service": "monitoring.googleapis.com/kubernetes",
            "name": "ronils-cluster",
            "network": "projects/assignment-kubernetes-390016/global/networks/default",
            "network_policy": [
              {
                "enabled": false,
                "provider": "PROVIDER_UNSPECIFIED"
              }
            ],
            "networking_mode": "ROUTES",
            "node_config": [
              {
                "advanced_machine_features": [],
                "boot_disk_kms_key": "",
                "disk_size_gb": 100,
                "disk_type": "pd-balanced",
                "ephemeral_storage_local_ssd_config": [],
                "gcfs_config": [],
                "guest_accelerator": [],
                "gvnic": [],
                "image_type": "COS_CONTAINERD",
                "kubelet_config": [],
                "labels": {},
                "linux_node_config": [],
                "local_nvme_ssd_block_config": [],
                "local_ssd_count": 0,
                "logging_variant": "DEFAULT",
                "machine_type": "e2-medium",
                "metadata": {
                  "disable-legacy-endpoints": "true"
                },
                "min_cpu_platform": "",
                "node_group": "",
                "oauth_scopes": [
                  "https://www.googleapis.com/auth/devstorage.read_only",
                  "https://www.googleapis.com/auth/logging.write",
                  "https://www.googleapis.com/auth/monitoring",
                  "https://www.googleapis.com/auth/service.management.readonly",
                  "https://www.googleapis.com/auth/servicecontrol",
                  "https://www.googleapis.com/auth/trace.append"
                ],
                "preemptible": false,
                "reservation_affinity": [],
                "resource_labels": {},
                "service_account": "default",
                "shielded_instance_config": [
                  {
                    "enable_integrity_monitoring": true,
                    "enable_secure_boot": false
                  }
                ],
                "spot": false,
                "tags": [],
                "taint": [],
                "workload_metadata_config": []
              }
            ],
            "node_locations": [
              "us-east1-b",
              "us-east1-c",
              "us-east1-d"
            ],
            "node_pool": [
              {
                "autoscaling": [],
                "initial_node_count": 1,
                "instance_group_urls": [
                  "https://www.googleapis.com/compute/v1/projects/assignment-kubernetes-390016/zones/us-east1-b/instanceGroupManagers/gke-ronils-cluster-default-pool-901fb2b6-grp",
                  "https://www.googleapis.com/compute/v1/projects/assignment-kubernetes-390016/zones/us-east1-c/instanceGroupManagers/gke-ronils-cluster-default-pool-359d657a-grp",
                  "https://www.googleapis.com/compute/v1/projects/assignment-kubernetes-390016/zones/us-east1-d/instanceGroupManagers/gke-ronils-cluster-default-pool-a1d034a1-grp"
                ],
                "managed_instance_group_urls": [
                  "https://www.googleapis.com/compute/v1/projects/assignment-kubernetes-390016/zones/us-east1-b/instanceGroups/gke-ronils-cluster-default-pool-901fb2b6-grp",
                  "https://www.googleapis.com/compute/v1/projects/assignment-kubernetes-390016/zones/us-east1-c/instanceGroups/gke-ronils-cluster-default-pool-359d657a-grp",
                  "https://www.googleapis.com/compute/v1/projects/assignment-kubernetes-390016/zones/us-east1-d/instanceGroups/gke-ronils-cluster-default-pool-a1d034a1-grp"
                ],
                "management": [
                  {
                    "auto_repair": true,
                    "auto_upgrade": true
                  }
                ],
                "max_pods_per_node": 0,
                "name": "default-pool",
                "name_prefix": "",
                "network_config": [
                  {
                    "create_pod_range": false,
                    "enable_private_nodes": false,
                    "pod_cidr_overprovision_config": [],
                    "pod_ipv4_cidr_block": "",
                    "pod_range": ""
                  }
                ],
                "node_config": [
                  {
                    "advanced_machine_features": [],
                    "boot_disk_kms_key": "",
                    "disk_size_gb": 100,
                    "disk_type": "pd-balanced",
                    "ephemeral_storage_local_ssd_config": [],
                    "gcfs_config": [],
                    "guest_accelerator": [],
                    "gvnic": [],
                    "image_type": "COS_CONTAINERD",
                    "kubelet_config": [],
                    "labels": {},
                    "linux_node_config": [],
                    "local_nvme_ssd_block_config": [],
                    "local_ssd_count": 0,
                    "logging_variant": "DEFAULT",
                    "machine_type": "e2-medium",
                    "metadata": {
                      "disable-legacy-endpoints": "true"
                    },
                    "min_cpu_platform": "",
                    "node_group": "",
                    "oauth_scopes": [
                      "https://www.googleapis.com/auth/devstorage.read_only",
                      "https://www.googleapis.com/auth/logging.write",
                      "https://www.googleapis.com/auth/monitoring",
                      "https://www.googleapis.com/auth/service.management.readonly",
                      "https://www.googleapis.com/auth/servicecontrol",
                      "https://www.googleapis.com/auth/trace.append"
                    ],
                    "preemptible": false,
                    "reservation_affinity": [],
                    "resource_labels": {},
                    "service_account": "default",
                    "shielded_instance_config": [
                      {
                        "enable_integrity_monitoring": true,
                        "enable_secure_boot": false
                      }
                    ],
                    "spot": false,
                    "tags": [],
                    "taint": [],
                    "workload_metadata_config": []
                  }
                ],
                "node_count": 1,
                "node_locations": [
                  "us-east1-b",
                  "us-east1-c",
                  "us-east1-d"
                ],
                "placement_policy": [],
                "upgrade_settings": [
                  {
                    "blue_green_settings": [],
                    "max_surge": 1,
                    "max_unavailable": 0,
                    "strategy": "SURGE"
                  }
                ],
                "version": "1.25.8-gke.1000"
              }
            ],
            "node_pool_defaults": [
              {
                "node_config_defaults": [
                  {
                    "logging_variant": "DEFAULT"
                  }
                ]
              }
            ],
            "node_version": "1.25.8-gke.1000",
            "notification_config": [
              {
                "pubsub": [
                  {
                    "enabled": false,
                    "filter": [],
                    "topic": ""
                  }
                ]
              }
            ],
            "operation": null,
            "private_cluster_config": [
              {
                "enable_private_endpoint": false,
                "enable_private_nodes": false,
                "master_global_access_config": [
                  {
                    "enabled": false
                  }
                ],
                "master_ipv4_cidr_block": "",
                "peering_name": "",
                "private_endpoint": "10.142.0.22",
                "private_endpoint_subnetwork": "",
                "public_endpoint": "34.75.109.214"
              }
            ],
            "private_ipv6_google_access": "",
            "project": "assignment-kubernetes-390016",
            "release_channel": [
              {
                "channel": "REGULAR"
              }
            ],
            "remove_default_node_pool": null,
            "resource_labels": null,
            "resource_usage_export_config": [],
            "self_link": "https://container.googleapis.com/v1/projects/assignment-kubernetes-390016/locations/us-east1/clusters/ronils-cluster",
            "service_external_ips_config": [
              {
                "enabled": false
              }
            ],
            "services_ipv4_cidr": "10.123.240.0/20",
            "subnetwork": "projects/assignment-kubernetes-390016/regions/us-east1/subnetworks/default",
            "timeouts": null,
            "tpu_ipv4_cidr_block": "",
            "vertical_pod_autoscaling": [],
            "workload_identity_config": []
          },
          "sensitive_attributes": [],
          "private": "eyJlMmJmYjczMC1lY2FhLTExZTYtOGY4OC0zNDM2M2JjN2M0YzAiOnsiY3JlYXRlIjoyNDAwMDAwMDAwMDAwLCJkZWxldGUiOjI0MDAwMDAwMDAwMDAsInJlYWQiOjI0MDAwMDAwMDAwMDAsInVwZGF0ZSI6MzYwMDAwMDAwMDAwMH0sInNjaGVtYV92ZXJzaW9uIjoiMSJ9"
        }
      ]
    }
  ],
  "check_results": null
}
