{
  "version": 4,
  "terraform_version": "1.5.0",
  "serial": 11,
  "lineage": "2f4646ae-f5ce-a866-5f9b-7007b13cf688",
  "outputs": {},
  "resources": [
    {
      "mode": "managed",
      "type": "google_container_cluster",
      "name": "my_cluster",
      "provider": "provider[\"registry.terraform.io/hashicorp/google\"]",
      "instances": [
        {
          "schema_version": 1,
          "attributes": {
            "addons_config": [
              {
                "cloudrun_config": [],
                "config_connector_config": [],
                "dns_cache_config": [],
                "gce_persistent_disk_csi_driver_config": [
                  {
                    "enabled": true
                  }
                ],
                "gcp_filestore_csi_driver_config": [],
                "gke_backup_agent_config": [],
                "horizontal_pod_autoscaling": [],
                "http_load_balancing": [],
                "network_policy_config": [
                  {
                    "disabled": true
                  }
                ]
              }
            ],
            "authenticator_groups_config": [],
            "binary_authorization": [
              {
                "enabled": false,
                "evaluation_mode": ""
              }
            ],
            "cluster_autoscaling": [
              {
                "auto_provisioning_defaults": [],
                "enabled": false,
                "resource_limits": []
              }
            ],
            "cluster_ipv4_cidr": "10.120.0.0/14",
            "confidential_nodes": [],
            "cost_management_config": [],
            "database_encryption": [
              {
                "key_name": "",
                "state": "DECRYPTED"
              }
            ],
            "datapath_provider": "",
            "default_max_pods_per_node": null,
            "default_snat_status": [
              {
                "disabled": false
              }
            ],
            "description": "",
            "dns_config": [],
            "enable_autopilot": false,
            "enable_binary_authorization": false,
            "enable_intranode_visibility": false,
            "enable_kubernetes_alpha": false,
            "enable_l4_ilb_subsetting": false,
            "enable_legacy_abac": false,
            "enable_shielded_nodes": true,
            "enable_tpu": false,
            "endpoint": "104.196.222.198",
            "gateway_api_config": [],
            "id": "projects/assignment-kubernetes-390016/locations/us-east1/clusters/ronils-cluster",
            "initial_node_count": 1,
            "ip_allocation_policy": [],
            "label_fingerprint": "a9dc16a7",
            "location": "us-east1",
            "logging_config": [
              {
                "enable_components": [
                  "SYSTEM_COMPONENTS",
                  "WORKLOADS"
                ]
              }
            ],
            "logging_service": "logging.googleapis.com/kubernetes",
            "maintenance_policy": [],
            "master_auth": [
              {
                "client_certificate": "",
                "client_certificate_config": [
                  {
                    "issue_client_certificate": false
                  }
                ],
                "client_key": "",
                "cluster_ca_certificate": "LS0tLS1CRUdJTiBDRVJUSUZJQ0FURS0tLS0tCk1JSUVMVENDQXBXZ0F3SUJBZ0lSQUxwN1JzRzhFb2R5OWhERzgzVlBvOEF3RFFZSktvWklodmNOQVFFTEJRQXcKTHpFdE1Dc0dBMVVFQXhNa09ESmhPR1F5TmpFdFl6VTRNQzAwWTJOakxXRTBNRGd0WlRRd056QTNPVEJqWkRrdwpNQ0FYRFRJek1EWXhPREF4TVRJMU5Wb1lEekl3TlRNd05qRXdNREl4TWpVMVdqQXZNUzB3S3dZRFZRUURFeVE0Ck1tRTRaREkyTVMxak5UZ3dMVFJqWTJNdFlUUXdPQzFsTkRBM01EYzVNR05rT1RBd2dnR2lNQTBHQ1NxR1NJYjMKRFFFQkFRVUFBNElCandBd2dnR0tBb0lCZ1FDaEJmQmNSL2FuM09oZHkyZWtza0U4dyszVzhJajhob0Y4d2l1SgpSdHN3dnpxRDlWdHYrc05yV3NyalFjOXhseGpSUmlxWXp6b09zdVlZU1BpdzB6TkdHSG51T092akJSVjNnSVU1ClVyazZaNi8rdlNSVmw2dndPakxCNEtLNnNiQjZoWFhlbDFkQ0V5a1pPMW5VdEhOR2VSTnRNckZNUTVXODQ2aXEKQ0VFbzRZWE5OL0ZxTjhXdGFhbjhVRlovQlI2dFo2MnVWU2V5SktTd3ZNSjVoNGJWdkx1eDVJVmRUa3JPOE9STApFVjVuajRRNm9yRG0rQ3RaUHl2K29BMEpBVjQyZUF6Tm9Yck5HREVXbUIxSFhKTUtGcTNDajl6ZzYwaVkrT2FkCkJDNEs4akNaekJTZGdJY1paVnBPcWVBaEU4aDNFYU4zWWNnOUtuZFQ3emJEalhyTkU5SzVpUzBhMHQxTHpjMUcKNU5TOFVZTlA0WUVjV2NmR29yV1dzaWxQLzc1ZmNBSHFkQ09Fc2QxRW5KK1RlbDduQlJXSzNQTHlIaGV1eWRaYQpIaExvR0tKZkFFM0plSXg3dkxneWw4cjdEaU0reGtTNGltTHdmaDJKc1VMQksyUlNNaVlyUzh2SGxrR21lNGlwCmw2TEpOWFFlbEpmQk5nWnpva2gwWVIvN1ZsMENBd0VBQWFOQ01FQXdEZ1lEVlIwUEFRSC9CQVFEQWdJRU1BOEcKQTFVZEV3RUIvd1FGTUFNQkFmOHdIUVlEVlIwT0JCWUVGSllkMDNNZ2lkSnMzclYvMFdNaVVWdGhCcnhzTUEwRwpDU3FHU0liM0RRRUJDd1VBQTRJQmdRQ1c3Tnpud1pMby85Y1MySmhWdDdFd0VRRS90Q1FxcjY5dEZzNlJtUThTClJreWdOOTQzSm9wNlZZWlZ1aUhBbFVRellZVHF1NDFKWXRNNE96djJtM1FSLzV3R2VlQ2xRS2VZMmE1cXoyNXIKdzlZOFIvOU5RcmtvK3BQSVpTT3pwckNnVERPQThTZitiZmdHdTE0K2dQSWUvM0liSGlvZ0ZtZ2VoUERONlE3Mgo2VFROYlpsamtWWDFCaGZsMVJwVUpDTE4vclVDOHZmN091dlhvMERDaEkzeFFldmNXckExRjVnTHZNeFpPcXV6Cmd6WGg4Si9tVGtlK2NrMitNd3ZUQUVaYWpQNWZUbm5rZVB3QlBHOGUwS3h3QW9FcUVBZGkxRUdLRlVUc21GSHEKQy90c0FVK1FranhDbHU0Z2lTSkdHeDYyMER0NlJhZi9SSEdmQ3lCaGd6S3RZbzRFTDFhdUlYc0JmbzN2dTV0bgpKRDUwVi9yb2k4aVFtKzgvWHNJVUdxYTlrb29JbTY5UkQ3cWZhTjdMeHBwZG9SeWF5UTM0SVYzVEQ0WE1MY3JnCnJSdkJWUFdTeWtna3IvNkp2VWZLd3VoK2laSDZNdzdpQVdDZVZGdHg2TXcwd2xoaEdRTU5vQ1J2akpSMVBzUFcKdTdtY05qNlFHNHlCNHEreGIreGxwaDA9Ci0tLS0tRU5EIENFUlRJRklDQVRFLS0tLS0K"
              }
            ],
            "master_authorized_networks_config": [],
            "master_version": "1.25.8-gke.1000",
            "mesh_certificates": [],
            "min_master_version": null,
            "monitoring_config": [
              {
                "enable_components": [
                  "SYSTEM_COMPONENTS"
                ],
                "managed_prometheus": []
              }
            ],
            "monitoring_service": "monitoring.googleapis.com/kubernetes",
            "name": "ronils-cluster",
            "network": "projects/assignment-kubernetes-390016/global/networks/default",
            "network_policy": [
              {
                "enabled": false,
                "provider": "PROVIDER_UNSPECIFIED"
              }
            ],
            "networking_mode": "ROUTES",
            "node_config": [
              {
                "advanced_machine_features": [],
                "boot_disk_kms_key": "",
                "disk_size_gb": 100,
                "disk_type": "pd-balanced",
                "ephemeral_storage_local_ssd_config": [],
                "gcfs_config": [],
                "guest_accelerator": [],
                "gvnic": [],
                "image_type": "COS_CONTAINERD",
                "kubelet_config": [],
                "labels": {},
                "linux_node_config": [],
                "local_nvme_ssd_block_config": [],
                "local_ssd_count": 0,
                "logging_variant": "DEFAULT",
                "machine_type": "e2-medium",
                "metadata": {
                  "disable-legacy-endpoints": "true"
                },
                "min_cpu_platform": "",
                "node_group": "",
                "oauth_scopes": [
                  "https://www.googleapis.com/auth/devstorage.read_only",
                  "https://www.googleapis.com/auth/logging.write",
                  "https://www.googleapis.com/auth/monitoring",
                  "https://www.googleapis.com/auth/service.management.readonly",
                  "https://www.googleapis.com/auth/servicecontrol",
                  "https://www.googleapis.com/auth/trace.append"
                ],
                "preemptible": false,
                "reservation_affinity": [],
                "resource_labels": {},
                "service_account": "default",
                "shielded_instance_config": [
                  {
                    "enable_integrity_monitoring": true,
                    "enable_secure_boot": false
                  }
                ],
                "spot": false,
                "tags": [],
                "taint": [],
                "workload_metadata_config": []
              }
            ],
            "node_locations": [
              "us-east1-b",
              "us-east1-c",
              "us-east1-d"
            ],
            "node_pool": [
              {
                "autoscaling": [],
                "initial_node_count": 1,
                "instance_group_urls": [
                  "https://www.googleapis.com/compute/v1/projects/assignment-kubernetes-390016/zones/us-east1-d/instanceGroupManagers/gke-ronils-cluster-default-pool-f83ac87d-grp",
                  "https://www.googleapis.com/compute/v1/projects/assignment-kubernetes-390016/zones/us-east1-b/instanceGroupManagers/gke-ronils-cluster-default-pool-70408503-grp",
                  "https://www.googleapis.com/compute/v1/projects/assignment-kubernetes-390016/zones/us-east1-c/instanceGroupManagers/gke-ronils-cluster-default-pool-a8322543-grp"
                ],
                "managed_instance_group_urls": [
                  "https://www.googleapis.com/compute/v1/projects/assignment-kubernetes-390016/zones/us-east1-d/instanceGroups/gke-ronils-cluster-default-pool-f83ac87d-grp",
                  "https://www.googleapis.com/compute/v1/projects/assignment-kubernetes-390016/zones/us-east1-b/instanceGroups/gke-ronils-cluster-default-pool-70408503-grp",
                  "https://www.googleapis.com/compute/v1/projects/assignment-kubernetes-390016/zones/us-east1-c/instanceGroups/gke-ronils-cluster-default-pool-a8322543-grp"
                ],
                "management": [
                  {
                    "auto_repair": true,
                    "auto_upgrade": true
                  }
                ],
                "max_pods_per_node": 0,
                "name": "default-pool",
                "name_prefix": "",
                "network_config": [
                  {
                    "create_pod_range": false,
                    "enable_private_nodes": false,
                    "pod_cidr_overprovision_config": [],
                    "pod_ipv4_cidr_block": "",
                    "pod_range": ""
                  }
                ],
                "node_config": [
                  {
                    "advanced_machine_features": [],
                    "boot_disk_kms_key": "",
                    "disk_size_gb": 100,
                    "disk_type": "pd-balanced",
                    "ephemeral_storage_local_ssd_config": [],
                    "gcfs_config": [],
                    "guest_accelerator": [],
                    "gvnic": [],
                    "image_type": "COS_CONTAINERD",
                    "kubelet_config": [],
                    "labels": {},
                    "linux_node_config": [],
                    "local_nvme_ssd_block_config": [],
                    "local_ssd_count": 0,
                    "logging_variant": "DEFAULT",
                    "machine_type": "e2-medium",
                    "metadata": {
                      "disable-legacy-endpoints": "true"
                    },
                    "min_cpu_platform": "",
                    "node_group": "",
                    "oauth_scopes": [
                      "https://www.googleapis.com/auth/devstorage.read_only",
                      "https://www.googleapis.com/auth/logging.write",
                      "https://www.googleapis.com/auth/monitoring",
                      "https://www.googleapis.com/auth/service.management.readonly",
                      "https://www.googleapis.com/auth/servicecontrol",
                      "https://www.googleapis.com/auth/trace.append"
                    ],
                    "preemptible": false,
                    "reservation_affinity": [],
                    "resource_labels": {},
                    "service_account": "default",
                    "shielded_instance_config": [
                      {
                        "enable_integrity_monitoring": true,
                        "enable_secure_boot": false
                      }
                    ],
                    "spot": false,
                    "tags": [],
                    "taint": [],
                    "workload_metadata_config": []
                  }
                ],
                "node_count": 1,
                "node_locations": [
                  "us-east1-b",
                  "us-east1-c",
                  "us-east1-d"
                ],
                "placement_policy": [],
                "upgrade_settings": [
                  {
                    "blue_green_settings": [],
                    "max_surge": 1,
                    "max_unavailable": 0,
                    "strategy": "SURGE"
                  }
                ],
                "version": "1.25.8-gke.1000"
              }
            ],
            "node_pool_defaults": [
              {
                "node_config_defaults": [
                  {
                    "logging_variant": "DEFAULT"
                  }
                ]
              }
            ],
            "node_version": "1.25.8-gke.1000",
            "notification_config": [
              {
                "pubsub": [
                  {
                    "enabled": false,
                    "filter": [],
                    "topic": ""
                  }
                ]
              }
            ],
            "operation": null,
            "private_cluster_config": [
              {
                "enable_private_endpoint": false,
                "enable_private_nodes": false,
                "master_global_access_config": [
                  {
                    "enabled": false
                  }
                ],
                "master_ipv4_cidr_block": "",
                "peering_name": "",
                "private_endpoint": "10.142.0.18",
                "private_endpoint_subnetwork": "",
                "public_endpoint": "104.196.222.198"
              }
            ],
            "private_ipv6_google_access": "",
            "project": "assignment-kubernetes-390016",
            "release_channel": [
              {
                "channel": "REGULAR"
              }
            ],
            "remove_default_node_pool": null,
            "resource_labels": null,
            "resource_usage_export_config": [],
            "self_link": "https://container.googleapis.com/v1/projects/assignment-kubernetes-390016/locations/us-east1/clusters/ronils-cluster",
            "service_external_ips_config": [
              {
                "enabled": false
              }
            ],
            "services_ipv4_cidr": "10.123.240.0/20",
            "subnetwork": "projects/assignment-kubernetes-390016/regions/us-east1/subnetworks/default",
            "timeouts": null,
            "tpu_ipv4_cidr_block": "",
            "vertical_pod_autoscaling": [],
            "workload_identity_config": []
          },
          "sensitive_attributes": [],
          "private": "eyJlMmJmYjczMC1lY2FhLTExZTYtOGY4OC0zNDM2M2JjN2M0YzAiOnsiY3JlYXRlIjoyNDAwMDAwMDAwMDAwLCJkZWxldGUiOjI0MDAwMDAwMDAwMDAsInJlYWQiOjI0MDAwMDAwMDAwMDAsInVwZGF0ZSI6MzYwMDAwMDAwMDAwMH0sInNjaGVtYV92ZXJzaW9uIjoiMSJ9"
        }
      ]
    }
  ],
  "check_results": null
}
